# This file is generated by running "yarn install" inside your project.
# Manual changes might be lost - proceed with caution!

__metadata:
  version: 6
  cacheKey: 8

"@esbuild/android-arm64@npm:0.19.9":
  version: 0.19.9
  resolution: "@esbuild/android-arm64@npm:0.19.9"
  conditions: os=android & cpu=arm64
  languageName: node
  linkType: hard

"@esbuild/android-arm@npm:0.19.9":
  version: 0.19.9
  resolution: "@esbuild/android-arm@npm:0.19.9"
  conditions: os=android & cpu=arm
  languageName: node
  linkType: hard

"@esbuild/android-x64@npm:0.19.9":
  version: 0.19.9
  resolution: "@esbuild/android-x64@npm:0.19.9"
  conditions: os=android & cpu=x64
  languageName: node
  linkType: hard

"@esbuild/darwin-arm64@npm:0.19.9":
  version: 0.19.9
  resolution: "@esbuild/darwin-arm64@npm:0.19.9"
  conditions: os=darwin & cpu=arm64
  languageName: node
  linkType: hard

"@esbuild/darwin-x64@npm:0.19.9":
  version: 0.19.9
  resolution: "@esbuild/darwin-x64@npm:0.19.9"
  conditions: os=darwin & cpu=x64
  languageName: node
  linkType: hard

"@esbuild/freebsd-arm64@npm:0.19.9":
  version: 0.19.9
  resolution: "@esbuild/freebsd-arm64@npm:0.19.9"
  conditions: os=freebsd & cpu=arm64
  languageName: node
  linkType: hard

"@esbuild/freebsd-x64@npm:0.19.9":
  version: 0.19.9
  resolution: "@esbuild/freebsd-x64@npm:0.19.9"
  conditions: os=freebsd & cpu=x64
  languageName: node
  linkType: hard

"@esbuild/linux-arm64@npm:0.19.9":
  version: 0.19.9
  resolution: "@esbuild/linux-arm64@npm:0.19.9"
  conditions: os=linux & cpu=arm64
  languageName: node
  linkType: hard

"@esbuild/linux-arm@npm:0.19.9":
  version: 0.19.9
  resolution: "@esbuild/linux-arm@npm:0.19.9"
  conditions: os=linux & cpu=arm
  languageName: node
  linkType: hard

"@esbuild/linux-ia32@npm:0.19.9":
  version: 0.19.9
  resolution: "@esbuild/linux-ia32@npm:0.19.9"
  conditions: os=linux & cpu=ia32
  languageName: node
  linkType: hard

"@esbuild/linux-loong64@npm:0.19.9":
  version: 0.19.9
  resolution: "@esbuild/linux-loong64@npm:0.19.9"
  conditions: os=linux & cpu=loong64
  languageName: node
  linkType: hard

"@esbuild/linux-mips64el@npm:0.19.9":
  version: 0.19.9
  resolution: "@esbuild/linux-mips64el@npm:0.19.9"
  conditions: os=linux & cpu=mips64el
  languageName: node
  linkType: hard

"@esbuild/linux-ppc64@npm:0.19.9":
  version: 0.19.9
  resolution: "@esbuild/linux-ppc64@npm:0.19.9"
  conditions: os=linux & cpu=ppc64
  languageName: node
  linkType: hard

"@esbuild/linux-riscv64@npm:0.19.9":
  version: 0.19.9
  resolution: "@esbuild/linux-riscv64@npm:0.19.9"
  conditions: os=linux & cpu=riscv64
  languageName: node
  linkType: hard

"@esbuild/linux-s390x@npm:0.19.9":
  version: 0.19.9
  resolution: "@esbuild/linux-s390x@npm:0.19.9"
  conditions: os=linux & cpu=s390x
  languageName: node
  linkType: hard

"@esbuild/linux-x64@npm:0.19.9":
  version: 0.19.9
  resolution: "@esbuild/linux-x64@npm:0.19.9"
  conditions: os=linux & cpu=x64
  languageName: node
  linkType: hard

"@esbuild/netbsd-x64@npm:0.19.9":
  version: 0.19.9
  resolution: "@esbuild/netbsd-x64@npm:0.19.9"
  conditions: os=netbsd & cpu=x64
  languageName: node
  linkType: hard

"@esbuild/openbsd-x64@npm:0.19.9":
  version: 0.19.9
  resolution: "@esbuild/openbsd-x64@npm:0.19.9"
  conditions: os=openbsd & cpu=x64
  languageName: node
  linkType: hard

"@esbuild/sunos-x64@npm:0.19.9":
  version: 0.19.9
  resolution: "@esbuild/sunos-x64@npm:0.19.9"
  conditions: os=sunos & cpu=x64
  languageName: node
  linkType: hard

"@esbuild/win32-arm64@npm:0.19.9":
  version: 0.19.9
  resolution: "@esbuild/win32-arm64@npm:0.19.9"
  conditions: os=win32 & cpu=arm64
  languageName: node
  linkType: hard

"@esbuild/win32-ia32@npm:0.19.9":
  version: 0.19.9
  resolution: "@esbuild/win32-ia32@npm:0.19.9"
  conditions: os=win32 & cpu=ia32
  languageName: node
  linkType: hard

"@esbuild/win32-x64@npm:0.19.9":
  version: 0.19.9
  resolution: "@esbuild/win32-x64@npm:0.19.9"
  conditions: os=win32 & cpu=x64
  languageName: node
  linkType: hard

"@paneron/site-builder@workspace:.":
  version: 0.0.0-use.local
  resolution: "@paneron/site-builder@workspace:."
  dependencies:
    "@types/node": 18
    esbuild: ^0.19.9
    typescript: ~5.0
    typescript-language-server: ~3.3.2
  bin:
    build-site: ./build-site.mjs
  languageName: unknown
  linkType: soft

"@types/node@npm:18":
  version: 18.19.3
  resolution: "@types/node@npm:18.19.3"
  dependencies:
    undici-types: ~5.26.4
  checksum: 58c4fa45a78fcec75c78182a4b266395905957633654eb0311c5f9c30ac15c179ea2287ab1af034e46c2db7bb0589ef0000ee64c1de8f568a0aad29eaadb100c
  languageName: node
  linkType: hard

"esbuild@npm:^0.19.9":
  version: 0.19.9
  resolution: "esbuild@npm:0.19.9"
  dependencies:
    "@esbuild/android-arm": 0.19.9
    "@esbuild/android-arm64": 0.19.9
    "@esbuild/android-x64": 0.19.9
    "@esbuild/darwin-arm64": 0.19.9
    "@esbuild/darwin-x64": 0.19.9
    "@esbuild/freebsd-arm64": 0.19.9
    "@esbuild/freebsd-x64": 0.19.9
    "@esbuild/linux-arm": 0.19.9
    "@esbuild/linux-arm64": 0.19.9
    "@esbuild/linux-ia32": 0.19.9
    "@esbuild/linux-loong64": 0.19.9
    "@esbuild/linux-mips64el": 0.19.9
    "@esbuild/linux-ppc64": 0.19.9
    "@esbuild/linux-riscv64": 0.19.9
    "@esbuild/linux-s390x": 0.19.9
    "@esbuild/linux-x64": 0.19.9
    "@esbuild/netbsd-x64": 0.19.9
    "@esbuild/openbsd-x64": 0.19.9
    "@esbuild/sunos-x64": 0.19.9
    "@esbuild/win32-arm64": 0.19.9
    "@esbuild/win32-ia32": 0.19.9
    "@esbuild/win32-x64": 0.19.9
  dependenciesMeta:
    "@esbuild/android-arm":
      optional: true
    "@esbuild/android-arm64":
      optional: true
    "@esbuild/android-x64":
      optional: true
    "@esbuild/darwin-arm64":
      optional: true
    "@esbuild/darwin-x64":
      optional: true
    "@esbuild/freebsd-arm64":
      optional: true
    "@esbuild/freebsd-x64":
      optional: true
    "@esbuild/linux-arm":
      optional: true
    "@esbuild/linux-arm64":
      optional: true
    "@esbuild/linux-ia32":
      optional: true
    "@esbuild/linux-loong64":
      optional: true
    "@esbuild/linux-mips64el":
      optional: true
    "@esbuild/linux-ppc64":
      optional: true
    "@esbuild/linux-riscv64":
      optional: true
    "@esbuild/linux-s390x":
      optional: true
    "@esbuild/linux-x64":
      optional: true
    "@esbuild/netbsd-x64":
      optional: true
    "@esbuild/openbsd-x64":
      optional: true
    "@esbuild/sunos-x64":
      optional: true
    "@esbuild/win32-arm64":
      optional: true
    "@esbuild/win32-ia32":
      optional: true
    "@esbuild/win32-x64":
      optional: true
  bin:
    esbuild: bin/esbuild
  checksum: 30a510de26068515693f2238d7e9697c68eb7ea3431fb31e6b5797dff576663c79e7c5076a8a227b4011c8050967655af2ab5775c2bffc554a62641bbb742e91
  languageName: node
  linkType: hard

"typescript-language-server@npm:~3.3.2":
  version: 3.3.2
  resolution: "typescript-language-server@npm:3.3.2"
  bin:
    typescript-language-server: lib/cli.mjs
  checksum: 0708c020cf04d276ed46b6226cf8c21a1427250b7a33a01f1b6c50e47e5fcf09ca9109f4a3e2229764acb94fa84d6cfe1ced57f11e8eec4c593341cd668e24d9
  languageName: node
  linkType: hard

"typescript@npm:~5.0":
  version: 5.0.4
  resolution: "typescript@npm:5.0.4"
  bin:
    tsc: bin/tsc
    tsserver: bin/tsserver
  checksum: 82b94da3f4604a8946da585f7d6c3025fff8410779e5bde2855ab130d05e4fd08938b9e593b6ebed165bda6ad9292b230984f10952cf82f0a0ca07bbeaa08172
  languageName: node
  linkType: hard

"typescript@patch:typescript@~5.0#~builtin<compat/typescript>":
  version: 5.0.4
  resolution: "typescript@patch:typescript@npm%3A5.0.4#~builtin<compat/typescript>::version=5.0.4&hash=b5f058"
  bin:
    tsc: bin/tsc
    tsserver: bin/tsserver
  checksum: d26b6ba97b6d163c55dbdffd9bbb4c211667ebebc743accfeb2c8c0154aace7afd097b51165a72a5bad2cf65a4612259344ff60f8e642362aa1695c760d303ac
  languageName: node
  linkType: hard

"undici-types@npm:~5.26.4":
  version: 5.26.5
  resolution: "undici-types@npm:5.26.5"
  checksum: 3192ef6f3fd5df652f2dc1cd782b49d6ff14dc98e5dced492aa8a8c65425227da5da6aafe22523c67f035a272c599bb89cfe803c1db6311e44bed3042fc25487
  languageName: node
  linkType: hard

"vscode-jsonrpc@npm:8.2.0":
  version: 8.2.0
  resolution: "vscode-jsonrpc@npm:8.2.0"
  checksum: f302a01e59272adc1ae6494581fa31c15499f9278df76366e3b97b2236c7c53ebfc71efbace9041cfd2caa7f91675b9e56f2407871a1b3c7f760a2e2ee61484a
  languageName: node
  linkType: hard

"vscode-jsonrpc@npm:^5.0.1":
  version: 5.0.1
  resolution: "vscode-jsonrpc@npm:5.0.1"
  checksum: a9188774d8d9ceb4e0d2215aa71bd85bb9f4e1129d5decfda74587e791c6a2b532b2e0026931b45c52087c328429be6510ef841e203293ede7ed4114bb596cd0
  languageName: node
  linkType: hard

"vscode-languageserver-protocol@npm:^3.15.0":
  version: 3.17.5
  resolution: "vscode-languageserver-protocol@npm:3.17.5"
  dependencies:
    vscode-jsonrpc: "npm:8.2.0"
    vscode-languageserver-types: "npm:3.17.5"
  checksum: dfb42d276df5dfea728267885b99872ecff62f6c20448b8539fae71bb196b420f5351c5aca7c1047bf8fb1f89fa94a961dce2bc5bf7e726198f4be0bb86a1e71
  languageName: node
  linkType: hard

"vscode-languageserver-types@npm:3.17.5":
  version: 3.17.5
  resolution: "vscode-languageserver-types@npm:3.17.5"
  checksum: 79b420e7576398d396579ca3a461c9ed70e78db4403cd28bbdf4d3ed2b66a2b4114031172e51fad49f0baa60a2180132d7cb2ea35aa3157d7af3c325528210ac
  languageName: node
  linkType: hard
